
Microsoft Visual Studio Solution File, Format Version 12.00
Project("{FAE04EC0-301F-11D3-BF4B-00C04F79EFBC}") = "RB_backend", "RB_backend\RB_backend.csproj", "{F8DD6389-F5A1-4660-B257-A1F3C3DA39FA}"
EndProject
Project("{FAE04EC0-301F-11D3-BF4B-00C04F79EFBC}") = "RB.DbHandler", "RB.DbHandler\RB.DbHandler.csproj", "{45180CBA-AB12-48DE-B4E0-0CDD0666BC05}"
EndProject
Global
	GlobalSection(SolutionConfigurationPlatforms) = preSolution
		Debug|Any CPU = Debug|Any CPU
		Release|Any CPU = Release|Any CPU
	EndGlobalSection
	GlobalSection(ProjectConfigurationPlatforms) = postSolution
		{F8DD6389-F5A1-4660-B257-A1F3C3DA39FA}.Debug|Any CPU.ActiveCfg = Debug|Any CPU
		{F8DD6389-F5A1-4660-B257-A1F3C3DA39FA}.Debug|Any CPU.Build.0 = Debug|Any CPU
		{F8DD6389-F5A1-4660-B257-A1F3C3DA39FA}.Release|Any CPU.ActiveCfg = Release|Any CPU
		{F8DD6389-F5A1-4660-B257-A1F3C3DA39FA}.Release|Any CPU.Build.0 = Release|Any CPU
		{45180CBA-AB12-48DE-B4E0-0CDD0666BC05}.Debug|Any CPU.ActiveCfg = Debug|Any CPU
		{45180CBA-AB12-48DE-B4E0-0CDD0666BC05}.Debug|Any CPU.Build.0 = Debug|Any CPU
		{45180CBA-AB12-48DE-B4E0-0CDD0666BC05}.Release|Any CPU.ActiveCfg = Release|Any CPU
		{45180CBA-AB12-48DE-B4E0-0CDD0666BC05}.Release|Any CPU.Build.0 = Release|Any CPU
	EndGlobalSection
EndGlobal
